
Microsoft Visual Studio Solution File, Format Version 12.00
# Visual Studio 14
VisualStudioVersion = 14.0.25420.1
MinimumVisualStudioVersion = 10.0.40219.1
Project("{FAE04EC0-301F-11D3-BF4B-00C04F79EFBC}") = "ResponsiPemrograman4372", "ResponsiPemrograman4372.csproj", "{EF058513-74B2-47FE-96B3-855B35206207}"
EndProject
Global
	GlobalSection(SolutionConfigurationPlatforms) = preSolution
		Debug|Any CPU = Debug|Any CPU
		Release|Any CPU = Release|Any CPU
	EndGlobalSection
	GlobalSection(ProjectConfigurationPlatforms) = postSolution
		{EF058513-74B2-47FE-96B3-855B35206207}.Debug|Any CPU.ActiveCfg = Debug|Any CPU
		{EF058513-74B2-47FE-96B3-855B35206207}.Debug|Any CPU.Build.0 = Debug|Any CPU
		{EF058513-74B2-47FE-96B3-855B35206207}.Release|Any CPU.ActiveCfg = Release|Any CPU
		{EF058513-74B2-47FE-96B3-855B35206207}.Release|Any CPU.Build.0 = Release|Any CPU
	EndGlobalSection
	GlobalSection(SolutionProperties) = preSolution
		HideSolutionNode = FALSE
	EndGlobalSection
EndGlobal
